// !$*UTF8*$!
{
	archiveVersion = 1;
	classes = {
	};
	objectVersion = 50;
	objects = {

/* Begin PBXBuildFile section */
		6005620923D91DF500328170 /* AppDelegate.swift in Sources */ = {isa = PBXBuildFile; fileRef = 6005620823D91DF500328170 /* AppDelegate.swift */; };
		6005620B23D91DF500328170 /* SceneDelegate.swift in Sources */ = {isa = PBXBuildFile; fileRef = 6005620A23D91DF500328170 /* SceneDelegate.swift */; };
		6005620D23D91DF500328170 /* FirstViewController.swift in Sources */ = {isa = PBXBuildFile; fileRef = 6005620C23D91DF500328170 /* FirstViewController.swift */; };
		6005620F23D91DF500328170 /* SecondViewController.swift in Sources */ = {isa = PBXBuildFile; fileRef = 6005620E23D91DF500328170 /* SecondViewController.swift */; };
		6005621223D91DF500328170 /* Main.storyboard in Resources */ = {isa = PBXBuildFile; fileRef = 6005621023D91DF500328170 /* Main.storyboard */; };
		6005621423D91DF600328170 /* Assets.xcassets in Resources */ = {isa = PBXBuildFile; fileRef = 6005621323D91DF600328170 /* Assets.xcassets */; };
		6005621723D91DF600328170 /* LaunchScreen.storyboard in Resources */ = {isa = PBXBuildFile; fileRef = 6005621523D91DF600328170 /* LaunchScreen.storyboard */; };
/* End PBXBuildFile section */

/* Begin PBXFileReference section */
		6005620523D91DF500328170 /* TabBarControllerDemo.app */ = {isa = PBXFileReference; explicitFileType = wrapper.application; includeInIndex = 0; path = TabBarControllerDemo.app; sourceTree = BUILT_PRODUCTS_DIR; };
		6005620823D91DF500328170 /* AppDelegate.swift */ = {isa = PBXFileReference; lastKnownFileType = sourcecode.swift; path = AppDelegate.swift; sourceTree = "<group>"; };
		6005620A23D91DF500328170 /* SceneDelegate.swift */ = {isa = PBXFileReference; lastKnownFileType = sourcecode.swift; path = SceneDelegate.swift; sourceTree = "<group>"; };
		6005620C23D91DF500328170 /* FirstViewController.swift */ = {isa = PBXFileReference; lastKnownFileType = sourcecode.swift; path = FirstViewController.swift; sourceTree = "<group>"; };
		6005620E23D91DF500328170 /* SecondViewController.swift */ = {isa = PBXFileReference; lastKnownFileType = sourcecode.swift; path = SecondViewController.swift; sourceTree = "<group>"; };
		6005621123D91DF500328170 /* Base */ = {isa = PBXFileReference; lastKnownFileType = file.storyboard; name = Base; path = Base.lproj/Main.storyboard; sourceTree = "<group>"; };
		6005621323D91DF600328170 /* Assets.xcassets */ = {isa = PBXFileReference; lastKnownFileType = folder.assetcatalog; path = Assets.xcassets; sourceTree = "<group>"; };
		6005621623D91DF600328170 /* Base */ = {isa = PBXFileReference; lastKnownFileType = file.storyboard; name = Base; path = Base.lproj/LaunchScreen.storyboard; sourceTree = "<group>"; };
		6005621823D91DF600328170 /* Info.plist */ = {isa = PBXFileReference; lastKnownFileType = text.plist.xml; path = Info.plist; sourceTree = "<group>"; };
/* End PBXFileReference section */

/* Begin PBXFrameworksBuildPhase section */
		6005620223D91DF500328170 /* Frameworks */ = {
			isa = PBXFrameworksBuildPhase;
			buildActionMask = 2147483647;
			files = (
			);
			runOnlyForDeploymentPostprocessing = 0;
		};
/* End PBXFrameworksBuildPhase section */

/* Begin PBXGroup section */
		600561FC23D91DF500328170 = {
			isa = PBXGroup;
			children = (
				6005620723D91DF500328170 /* TabBarControllerDemo */,
				6005620623D91DF500328170 /* Products */,
			);
			sourceTree = "<group>";
		};
		6005620623D91DF500328170 /* Products */ = {
			isa = PBXGroup;
			children = (
				6005620523D91DF500328170 /* TabBarControllerDemo.app */,
			);
			name = Products;
			sourceTree = "<group>";
		};
		6005620723D91DF500328170 /* TabBarControllerDemo */ = {
			isa = PBXGroup;
			children = (
				6005620823D91DF500328170 /* AppDelegate.swift */,
				6005620A23D91DF500328170 /* SceneDelegate.swift */,
				6005620C23D91DF500328170 /* FirstViewController.swift */,
				6005620E23D91DF500328170 /* SecondViewController.swift */,
				6005621023D91DF500328170 /* Main.storyboard */,
				6005621323D91DF600328170 /* Assets.xcassets */,
				6005621523D91DF600328170 /* LaunchScreen.storyboard */,
				6005621823D91DF600328170 /* Info.plist */,
			);
			path = TabBarControllerDemo;
			sourceTree = "<group>";
		};
/* End PBXGroup section */

/* Begin PBXNativeTarget section */
		6005620423D91DF500328170 /* TabBarControllerDemo */ = {
			isa = PBXNativeTarget;
			buildConfigurationList = 6005621B23D91DF600328170 /* Build configuration list for PBXNativeTarget "TabBarControllerDemo" */;
			buildPhases = (
				6005620123D91DF500328170 /* Sources */,
				6005620223D91DF500328170 /* Frameworks */,
				6005620323D91DF500328170 /* Resources */,
			);
			buildRules = (
			);
			dependencies = (
			);
			name = TabBarControllerDemo;
			productName = TabBarControllerDemo;
			productReference = 6005620523D91DF500328170 /* TabBarControllerDemo.app */;
			productType = "com.apple.product-type.application";
		};
/* End PBXNativeTarget section */

/* Begin PBXProject section */
		600561FD23D91DF500328170 /* Project object */ = {
			isa = PBXProject;
			attributes = {
				LastSwiftUpdateCheck = 1130;
				LastUpgradeCheck = 1130;
				ORGANIZATIONNAME = "Susan Stevens";
				TargetAttributes = {
					6005620423D91DF500328170 = {
						CreatedOnToolsVersion = 11.3;
					};
				};
			};
			buildConfigurationList = 6005620023D91DF500328170 /* Build configuration list for PBXProject "TabBarControllerDemo" */;
			compatibilityVersion = "Xcode 9.3";
			developmentRegion = en;
			hasScannedForEncodings = 0;
			knownRegions = (
				en,
				Base,
			);
			mainGroup = 600561FC23D91DF500328170;
			productRefGroup = 6005620623D91DF500328170 /* Products */;
			projectDirPath = "";
			projectRoot = "";
			targets = (
				6005620423D91DF500328170 /* TabBarControllerDemo */,
			);
		};
/* End PBXProject section */

/* Begin PBXResourcesBuildPhase section */
		6005620323D91DF500328170 /* Resources */ = {
			isa = PBXResourcesBuildPhase;
			buildActionMask = 2147483647;
			files = (
				6005621723D91DF600328170 /* LaunchScreen.storyboard in Resources */,
				6005621423D91DF600328170 /* Assets.xcassets in Resources */,
				6005621223D91DF500328170 /* Main.storyboard in Resources */,
			);
			runOnlyForDeploymentPostprocessing = 0;
		};
/* End PBXResourcesBuildPhase section */

/* Begin PBXSourcesBuildPhase section */
		6005620123D91DF500328170 /* Sources */ = {
			isa = PBXSourcesBuildPhase;
			buildActionMask = 2147483647;
			files = (
				6005620F23D91DF500328170 /* SecondViewController.swift in Sources */,
				6005620D23D91DF500328170 /* FirstViewController.swift in Sources */,
				6005620923D91DF500328170 /* AppDelegate.swift in Sources */,
				6005620B23D91DF500328170 /* SceneDelegate.swift in Sources */,
			);
			runOnlyForDeploymentPostprocessing = 0;
		};
/* End PBXSourcesBuildPhase section */

/* Begin PBXVariantGroup section */
		6005621023D91DF500328170 /* Main.storyboard */ = {
			isa = PBXVariantGroup;
			children = (
				6005621123D91DF500328170 /* Base */,
			);
			name = Main.storyboard;
			sourceTree = "<group>";
		};
		6005621523D91DF600328170 /* LaunchScreen.storyboard */ = {
			isa = PBXVariantGroup;
			children = (
				6005621623D91DF600328170 /* Base */,
			);
			name = LaunchScreen.storyboard;
			sourceTree = "<group>";
		};
/* End PBXVariantGroup section */

/* Begin XCBuildConfiguration section */
		6005621923D91DF600328170 /* Debug */ = {
			isa = XCBuildConfiguration;
			buildSettings = {
				ALWAYS_SEARCH_USER_PATHS = NO;
				CLANG_ANALYZER_NONNULL = YES;
				CLANG_ANALYZER_NUMBER_OBJECT_CONVERSION = YES_AGGRESSIVE;
				CLANG_CXX_LANGUAGE_STANDARD = "gnu++14";
				CLANG_CXX_LIBRARY = "libc++";
				CLANG_ENABLE_MODULES = YES;
				CLANG_ENABLE_OBJC_ARC = YES;
				CLANG_ENABLE_OBJC_WEAK = YES;
				CLANG_WARN_BLOCK_CAPTURE_AUTORELEASING = YES;
				CLANG_WARN_BOOL_CONVERSION = YES;
				CLANG_WARN_COMMA = YES;
				CLANG_WARN_CONSTANT_CONVERSION = YES;
				CLANG_WARN_DEPRECATED_OBJC_IMPLEMENTATIONS = YES;
				CLANG_WARN_DIRECT_OBJC_ISA_USAGE = YES_ERROR;
				CLANG_WARN_DOCUMENTATION_COMMENTS = YES;
				CLANG_WARN_EMPTY_BODY = YES;
				CLANG_WARN_ENUM_CONVERSION = YES;
				CLANG_WARN_INFINITE_RECURSION = YES;
				CLANG_WARN_INT_CONVERSION = YES;
				CLANG_WARN_NON_LITERAL_NULL_CONVERSION = YES;
				CLANG_WARN_OBJC_IMPLICIT_RETAIN_SELF = YES;
				CLANG_WARN_OBJC_LITERAL_CONVERSION = YES;
				CLANG_WARN_OBJC_ROOT_CLASS = YES_ERROR;
				CLANG_WARN_RANGE_LOOP_ANALYSIS = YES;
				CLANG_WARN_STRICT_PROTOTYPES = YES;
				CLANG_WARN_SUSPICIOUS_MOVE = YES;
				CLANG_WARN_UNGUARDED_AVAILABILITY = YES_AGGRESSIVE;
				CLANG_WARN_UNREACHABLE_CODE = YES;
				CLANG_WARN__DUPLICATE_METHOD_MATCH = YES;
				COPY_PHASE_STRIP = NO;
				DEBUG_INFORMATION_FORMAT = dwarf;
				ENABLE_STRICT_OBJC_MSGSEND = YES;
				ENABLE_TESTABILITY = YES;
				GCC_C_LANGUAGE_STANDARD = gnu11;
				GCC_DYNAMIC_NO_PIC = NO;
				GCC_NO_COMMON_BLOCKS = YES;
				GCC_OPTIMIZATION_LEVEL = 0;
				GCC_PREPROCESSOR_DEFINITIONS = (
					"DEBUG=1",
					"$(inherited)",
				);
				GCC_WARN_64_TO_32_BIT_CONVERSION = YES;
				GCC_WARN_ABOUT_RETURN_TYPE = YES_ERROR;
				GCC_WARN_UNDECLARED_SELECTOR = YES;
				GCC_WARN_UNINITIALIZED_AUTOS = YES_AGGRESSIVE;
				GCC_WARN_UNUSED_FUNCTION = YES;
				GCC_WARN_UNUSED_VARIABLE = YES;
				IPHONEOS_DEPLOYMENT_TARGET = 13.2;
				MTL_ENABLE_DEBUG_INFO = INCLUDE_SOURCE;
				MTL_FAST_MATH = YES;
				ONLY_ACTIVE_ARCH = YES;
				SDKROOT = iphoneos;
				SWIFT_ACTIVE_COMPILATION_CONDITIONS = DEBUG;
				SWIFT_OPTIMIZATION_LEVEL = "-Onone";
			};
			name = Debug;
		};
		6005621A23D91DF600328170 /* Release */ = {
			isa = XCBuildConfiguration;
			buildSettings = {
				ALWAYS_SEARCH_USER_PATHS = NO;
				CLANG_ANALYZER_NONNULL = YES;
				CLANG_ANALYZER_NUMBER_OBJECT_CONVERSION = YES_AGGRESSIVE;
				CLANG_CXX_LANGUAGE_STANDARD = "gnu++14";
				CLANG_CXX_LIBRARY = "libc++";
				CLANG_ENABLE_MODULES = YES;
				CLANG_ENABLE_OBJC_ARC = YES;
				CLANG_ENABLE_OBJC_WEAK = YES;
				CLANG_WARN_BLOCK_CAPTURE_AUTORELEASING = YES;
				CLANG_WARN_BOOL_CONVERSION = YES;
				CLANG_WARN_COMMA = YES;
				CLANG_WARN_CONSTANT_CONVERSION = YES;
				CLANG_WARN_DEPRECATED_OBJC_IMPLEMENTATIONS = YES;
				CLANG_WARN_DIRECT_OBJC_ISA_USAGE = YES_ERROR;
				CLANG_WARN_DOCUMENTATION_COMMENTS = YES;
				CLANG_WARN_EMPTY_BODY = YES;
				CLANG_WARN_ENUM_CONVERSION = YES;
				CLANG_WARN_INFINITE_RECURSION = YES;
				CLANG_WARN_INT_CONVERSION = YES;
				CLANG_WARN_NON_LITERAL_NULL_CONVERSION = YES;
				CLANG_WARN_OBJC_IMPLICIT_RETAIN_SELF = YES;
				CLANG_WARN_OBJC_LITERAL_CONVERSION = YES;
				CLANG_WARN_OBJC_ROOT_CLASS = YES_ERROR;
				CLANG_WARN_RANGE_LOOP_ANALYSIS = YES;
				CLANG_WARN_STRICT_PROTOTYPES = YES;
				CLANG_WARN_SUSPICIOUS_MOVE = YES;
				CLANG_WARN_UNGUARDED_AVAILABILITY = YES_AGGRESSIVE;
				CLANG_WARN_UNREACHABLE_CODE = YES;
				CLANG_WARN__DUPLICATE_METHOD_MATCH = YES;
				COPY_PHASE_STRIP = NO;
				DEBUG_INFORMATION_FORMAT = "dwarf-with-dsym";
				ENABLE_NS_ASSERTIONS = NO;
				ENABLE_STRICT_OBJC_MSGSEND = YES;
				GCC_C_LANGUAGE_STANDARD = gnu11;
				GCC_NO_COMMON_BLOCKS = YES;
				GCC_WARN_64_TO_32_BIT_CONVERSION = YES;
				GCC_WARN_ABOUT_RETURN_TYPE = YES_ERROR;
				GCC_WARN_UNDECLARED_SELECTOR = YES;
				GCC_WARN_UNINITIALIZED_AUTOS = YES_AGGRESSIVE;
				GCC_WARN_UNUSED_FUNCTION = YES;
				GCC_WARN_UNUSED_VARIABLE = YES;
				IPHONEOS_DEPLOYMENT_TARGET = 13.2;
				MTL_ENABLE_DEBUG_INFO = NO;
				MTL_FAST_MATH = YES;
				SDKROOT = iphoneos;
				SWIFT_COMPILATION_MODE = wholemodule;
				SWIFT_OPTIMIZATION_LEVEL = "-O";
				VALIDATE_PRODUCT = YES;
			};
			name = Release;
		};
		6005621C23D91DF600328170 /* Debug */ = {
			isa = XCBuildConfiguration;
			buildSettings = {
				ASSETCATALOG_COMPILER_APPICON_NAME = AppIcon;
				CODE_SIGN_STYLE = Automatic;
				DEVELOPMENT_TEAM = MED853AU4Q;
				INFOPLIST_FILE = TabBarControllerDemo/Info.plist;
				LD_RUNPATH_SEARCH_PATHS = (
					"$(inherited)",
					"@executable_path/Frameworks",
				);
				PRODUCT_BUNDLE_IDENTIFIER = com.susanstevens.TabBarControllerDemo;
				PRODUCT_NAME = "$(TARGET_NAME)";
				SWIFT_VERSION = 5.0;
				TARGETED_DEVICE_FAMILY = "1,2";
			};
			name = Debug;
		};
		6005621D23D91DF600328170 /* Release */ = {
			isa = XCBuildConfiguration;
			buildSettings = {
				ASSETCATALOG_COMPILER_APPICON_NAME = AppIcon;
				CODE_SIGN_STYLE = Automatic;
				DEVELOPMENT_TEAM = MED853AU4Q;
				INFOPLIST_FILE = TabBarControllerDemo/Info.plist;
				LD_RUNPATH_SEARCH_PATHS = (
					"$(inherited)",
					"@executable_path/Frameworks",
				);
				PRODUCT_BUNDLE_IDENTIFIER = com.susanstevens.TabBarControllerDemo;
				PRODUCT_NAME = "$(TARGET_NAME)";
				SWIFT_VERSION = 5.0;
				TARGETED_DEVICE_FAMILY = "1,2";
			};
			name = Release;
		};
/* End XCBuildConfiguration section */

/* Begin XCConfigurationList section */
		6005620023D91DF500328170 /* Build configuration list for PBXProject "TabBarControllerDemo" */ = {
			isa = XCConfigurationList;
			buildConfigurations = (
				6005621923D91DF600328170 /* Debug */,
				6005621A23D91DF600328170 /* Release */,
			);
			defaultConfigurationIsVisible = 0;
			defaultConfigurationName = Release;
		};
		6005621B23D91DF600328170 /* Build configuration list for PBXNativeTarget "TabBarControllerDemo" */ = {
			isa = XCConfigurationList;
			buildConfigurations = (
				6005621C23D91DF600328170 /* Debug */,
				6005621D23D91DF600328170 /* Release */,
			);
			defaultConfigurationIsVisible = 0;
			defaultConfigurationName = Release;
		};
/* End XCConfigurationList section */
	};
	rootObject = 600561FD23D91DF500328170 /* Project object */;
}
