// !$*UTF8*$!
{
	archiveVersion = 1;
	classes = {
	};
	objectVersion = 50;
	objects = {

/* Begin PBXBuildFile section */
		60FAA85223E73C6800AEEA16 /* AppDelegate.swift in Sources */ = {isa = PBXBuildFile; fileRef = 60FAA85123E73C6800AEEA16 /* AppDelegate.swift */; };
		60FAA85423E73C6800AEEA16 /* SceneDelegate.swift in Sources */ = {isa = PBXBuildFile; fileRef = 60FAA85323E73C6800AEEA16 /* SceneDelegate.swift */; };
		60FAA85623E73C6800AEEA16 /* ManualLayoutDemoViewController.swift in Sources */ = {isa = PBXBuildFile; fileRef = 60FAA85523E73C6800AEEA16 /* ManualLayoutDemoViewController.swift */; };
		60FAA85923E73C6800AEEA16 /* Main.storyboard in Resources */ = {isa = PBXBuildFile; fileRef = 60FAA85723E73C6800AEEA16 /* Main.storyboard */; };
		60FAA85B23E73C6C00AEEA16 /* Assets.xcassets in Resources */ = {isa = PBXBuildFile; fileRef = 60FAA85A23E73C6C00AEEA16 /* Assets.xcassets */; };
		60FAA85E23E73C6C00AEEA16 /* LaunchScreen.storyboard in Resources */ = {isa = PBXBuildFile; fileRef = 60FAA85C23E73C6C00AEEA16 /* LaunchScreen.storyboard */; };
		60FAA86823E7615300AEEA16 /* AutoresizingDemoViewController.swift in Sources */ = {isa = PBXBuildFile; fileRef = 60FAA86723E7615300AEEA16 /* AutoresizingDemoViewController.swift */; };
		60FAA86A23E7636B00AEEA16 /* AutoLayoutDemoViewController.swift in Sources */ = {isa = PBXBuildFile; fileRef = 60FAA86923E7636B00AEEA16 /* AutoLayoutDemoViewController.swift */; };
/* End PBXBuildFile section */

/* Begin PBXFileReference section */
		60FAA84E23E73C6800AEEA16 /* AutoLayoutDemo.app */ = {isa = PBXFileReference; explicitFileType = wrapper.application; includeInIndex = 0; path = AutoLayoutDemo.app; sourceTree = BUILT_PRODUCTS_DIR; };
		60FAA85123E73C6800AEEA16 /* AppDelegate.swift */ = {isa = PBXFileReference; lastKnownFileType = sourcecode.swift; path = AppDelegate.swift; sourceTree = "<group>"; };
		60FAA85323E73C6800AEEA16 /* SceneDelegate.swift */ = {isa = PBXFileReference; lastKnownFileType = sourcecode.swift; path = SceneDelegate.swift; sourceTree = "<group>"; };
		60FAA85523E73C6800AEEA16 /* ManualLayoutDemoViewController.swift */ = {isa = PBXFileReference; lastKnownFileType = sourcecode.swift; path = ManualLayoutDemoViewController.swift; sourceTree = "<group>"; };
		60FAA85823E73C6800AEEA16 /* Base */ = {isa = PBXFileReference; lastKnownFileType = file.storyboard; name = Base; path = Base.lproj/Main.storyboard; sourceTree = "<group>"; };
		60FAA85A23E73C6C00AEEA16 /* Assets.xcassets */ = {isa = PBXFileReference; lastKnownFileType = folder.assetcatalog; path = Assets.xcassets; sourceTree = "<group>"; };
		60FAA85D23E73C6C00AEEA16 /* Base */ = {isa = PBXFileReference; lastKnownFileType = file.storyboard; name = Base; path = Base.lproj/LaunchScreen.storyboard; sourceTree = "<group>"; };
		60FAA85F23E73C6C00AEEA16 /* Info.plist */ = {isa = PBXFileReference; lastKnownFileType = text.plist.xml; path = Info.plist; sourceTree = "<group>"; };
		60FAA86723E7615300AEEA16 /* AutoresizingDemoViewController.swift */ = {isa = PBXFileReference; lastKnownFileType = sourcecode.swift; path = AutoresizingDemoViewController.swift; sourceTree = "<group>"; };
		60FAA86923E7636B00AEEA16 /* AutoLayoutDemoViewController.swift */ = {isa = PBXFileReference; lastKnownFileType = sourcecode.swift; path = AutoLayoutDemoViewController.swift; sourceTree = "<group>"; };
/* End PBXFileReference section */

/* Begin PBXFrameworksBuildPhase section */
		60FAA84B23E73C6800AEEA16 /* Frameworks */ = {
			isa = PBXFrameworksBuildPhase;
			buildActionMask = 2147483647;
			files = (
			);
			runOnlyForDeploymentPostprocessing = 0;
		};
/* End PBXFrameworksBuildPhase section */

/* Begin PBXGroup section */
		60FAA84523E73C6800AEEA16 = {
			isa = PBXGroup;
			children = (
				60FAA85023E73C6800AEEA16 /* AutoLayoutDemo */,
				60FAA84F23E73C6800AEEA16 /* Products */,
			);
			sourceTree = "<group>";
		};
		60FAA84F23E73C6800AEEA16 /* Products */ = {
			isa = PBXGroup;
			children = (
				60FAA84E23E73C6800AEEA16 /* AutoLayoutDemo.app */,
			);
			name = Products;
			sourceTree = "<group>";
		};
		60FAA85023E73C6800AEEA16 /* AutoLayoutDemo */ = {
			isa = PBXGroup;
			children = (
				60FAA85123E73C6800AEEA16 /* AppDelegate.swift */,
				60FAA85323E73C6800AEEA16 /* SceneDelegate.swift */,
				60FAA86923E7636B00AEEA16 /* AutoLayoutDemoViewController.swift */,
				60FAA86723E7615300AEEA16 /* AutoresizingDemoViewController.swift */,
				60FAA85523E73C6800AEEA16 /* ManualLayoutDemoViewController.swift */,
				60FAA85723E73C6800AEEA16 /* Main.storyboard */,
				60FAA85A23E73C6C00AEEA16 /* Assets.xcassets */,
				60FAA85C23E73C6C00AEEA16 /* LaunchScreen.storyboard */,
				60FAA85F23E73C6C00AEEA16 /* Info.plist */,
			);
			path = AutoLayoutDemo;
			sourceTree = "<group>";
		};
/* End PBXGroup section */

/* Begin PBXNativeTarget section */
		60FAA84D23E73C6800AEEA16 /* AutoLayoutDemo */ = {
			isa = PBXNativeTarget;
			buildConfigurationList = 60FAA86223E73C6C00AEEA16 /* Build configuration list for PBXNativeTarget "AutoLayoutDemo" */;
			buildPhases = (
				60FAA84A23E73C6800AEEA16 /* Sources */,
				60FAA84B23E73C6800AEEA16 /* Frameworks */,
				60FAA84C23E73C6800AEEA16 /* Resources */,
			);
			buildRules = (
			);
			dependencies = (
			);
			name = AutoLayoutDemo;
			productName = AutoLayoutDemo;
			productReference = 60FAA84E23E73C6800AEEA16 /* AutoLayoutDemo.app */;
			productType = "com.apple.product-type.application";
		};
/* End PBXNativeTarget section */

/* Begin PBXProject section */
		60FAA84623E73C6800AEEA16 /* Project object */ = {
			isa = PBXProject;
			attributes = {
				LastSwiftUpdateCheck = 1130;
				LastUpgradeCheck = 1130;
				ORGANIZATIONNAME = "Susan Stevens";
				TargetAttributes = {
					60FAA84D23E73C6800AEEA16 = {
						CreatedOnToolsVersion = 11.3;
					};
				};
			};
			buildConfigurationList = 60FAA84923E73C6800AEEA16 /* Build configuration list for PBXProject "AutoLayoutDemo" */;
			compatibilityVersion = "Xcode 9.3";
			developmentRegion = en;
			hasScannedForEncodings = 0;
			knownRegions = (
				en,
				Base,
			);
			mainGroup = 60FAA84523E73C6800AEEA16;
			productRefGroup = 60FAA84F23E73C6800AEEA16 /* Products */;
			projectDirPath = "";
			projectRoot = "";
			targets = (
				60FAA84D23E73C6800AEEA16 /* AutoLayoutDemo */,
			);
		};
/* End PBXProject section */

/* Begin PBXResourcesBuildPhase section */
		60FAA84C23E73C6800AEEA16 /* Resources */ = {
			isa = PBXResourcesBuildPhase;
			buildActionMask = 2147483647;
			files = (
				60FAA85E23E73C6C00AEEA16 /* LaunchScreen.storyboard in Resources */,
				60FAA85B23E73C6C00AEEA16 /* Assets.xcassets in Resources */,
				60FAA85923E73C6800AEEA16 /* Main.storyboard in Resources */,
			);
			runOnlyForDeploymentPostprocessing = 0;
		};
/* End PBXResourcesBuildPhase section */

/* Begin PBXSourcesBuildPhase section */
		60FAA84A23E73C6800AEEA16 /* Sources */ = {
			isa = PBXSourcesBuildPhase;
			buildActionMask = 2147483647;
			files = (
				60FAA85623E73C6800AEEA16 /* ManualLayoutDemoViewController.swift in Sources */,
				60FAA85223E73C6800AEEA16 /* AppDelegate.swift in Sources */,
				60FAA85423E73C6800AEEA16 /* SceneDelegate.swift in Sources */,
				60FAA86823E7615300AEEA16 /* AutoresizingDemoViewController.swift in Sources */,
				60FAA86A23E7636B00AEEA16 /* AutoLayoutDemoViewController.swift in Sources */,
			);
			runOnlyForDeploymentPostprocessing = 0;
		};
/* End PBXSourcesBuildPhase section */

/* Begin PBXVariantGroup section */
		60FAA85723E73C6800AEEA16 /* Main.storyboard */ = {
			isa = PBXVariantGroup;
			children = (
				60FAA85823E73C6800AEEA16 /* Base */,
			);
			name = Main.storyboard;
			sourceTree = "<group>";
		};
		60FAA85C23E73C6C00AEEA16 /* LaunchScreen.storyboard */ = {
			isa = PBXVariantGroup;
			children = (
				60FAA85D23E73C6C00AEEA16 /* Base */,
			);
			name = LaunchScreen.storyboard;
			sourceTree = "<group>";
		};
/* End PBXVariantGroup section */

/* Begin XCBuildConfiguration section */
		60FAA86023E73C6C00AEEA16 /* Debug */ = {
			isa = XCBuildConfiguration;
			buildSettings = {
				ALWAYS_SEARCH_USER_PATHS = NO;
				CLANG_ANALYZER_NONNULL = YES;
				CLANG_ANALYZER_NUMBER_OBJECT_CONVERSION = YES_AGGRESSIVE;
				CLANG_CXX_LANGUAGE_STANDARD = "gnu++14";
				CLANG_CXX_LIBRARY = "libc++";
				CLANG_ENABLE_MODULES = YES;
				CLANG_ENABLE_OBJC_ARC = YES;
				CLANG_ENABLE_OBJC_WEAK = YES;
				CLANG_WARN_BLOCK_CAPTURE_AUTORELEASING = YES;
				CLANG_WARN_BOOL_CONVERSION = YES;
				CLANG_WARN_COMMA = YES;
				CLANG_WARN_CONSTANT_CONVERSION = YES;
				CLANG_WARN_DEPRECATED_OBJC_IMPLEMENTATIONS = YES;
				CLANG_WARN_DIRECT_OBJC_ISA_USAGE = YES_ERROR;
				CLANG_WARN_DOCUMENTATION_COMMENTS = YES;
				CLANG_WARN_EMPTY_BODY = YES;
				CLANG_WARN_ENUM_CONVERSION = YES;
				CLANG_WARN_INFINITE_RECURSION = YES;
				CLANG_WARN_INT_CONVERSION = YES;
				CLANG_WARN_NON_LITERAL_NULL_CONVERSION = YES;
				CLANG_WARN_OBJC_IMPLICIT_RETAIN_SELF = YES;
				CLANG_WARN_OBJC_LITERAL_CONVERSION = YES;
				CLANG_WARN_OBJC_ROOT_CLASS = YES_ERROR;
				CLANG_WARN_RANGE_LOOP_ANALYSIS = YES;
				CLANG_WARN_STRICT_PROTOTYPES = YES;
				CLANG_WARN_SUSPICIOUS_MOVE = YES;
				CLANG_WARN_UNGUARDED_AVAILABILITY = YES_AGGRESSIVE;
				CLANG_WARN_UNREACHABLE_CODE = YES;
				CLANG_WARN__DUPLICATE_METHOD_MATCH = YES;
				COPY_PHASE_STRIP = NO;
				DEBUG_INFORMATION_FORMAT = dwarf;
				ENABLE_STRICT_OBJC_MSGSEND = YES;
				ENABLE_TESTABILITY = YES;
				GCC_C_LANGUAGE_STANDARD = gnu11;
				GCC_DYNAMIC_NO_PIC = NO;
				GCC_NO_COMMON_BLOCKS = YES;
				GCC_OPTIMIZATION_LEVEL = 0;
				GCC_PREPROCESSOR_DEFINITIONS = (
					"DEBUG=1",
					"$(inherited)",
				);
				GCC_WARN_64_TO_32_BIT_CONVERSION = YES;
				GCC_WARN_ABOUT_RETURN_TYPE = YES_ERROR;
				GCC_WARN_UNDECLARED_SELECTOR = YES;
				GCC_WARN_UNINITIALIZED_AUTOS = YES_AGGRESSIVE;
				GCC_WARN_UNUSED_FUNCTION = YES;
				GCC_WARN_UNUSED_VARIABLE = YES;
				IPHONEOS_DEPLOYMENT_TARGET = 13.2;
				MTL_ENABLE_DEBUG_INFO = INCLUDE_SOURCE;
				MTL_FAST_MATH = YES;
				ONLY_ACTIVE_ARCH = YES;
				SDKROOT = iphoneos;
				SWIFT_ACTIVE_COMPILATION_CONDITIONS = DEBUG;
				SWIFT_OPTIMIZATION_LEVEL = "-Onone";
			};
			name = Debug;
		};
		60FAA86123E73C6C00AEEA16 /* Release */ = {
			isa = XCBuildConfiguration;
			buildSettings = {
				ALWAYS_SEARCH_USER_PATHS = NO;
				CLANG_ANALYZER_NONNULL = YES;
				CLANG_ANALYZER_NUMBER_OBJECT_CONVERSION = YES_AGGRESSIVE;
				CLANG_CXX_LANGUAGE_STANDARD = "gnu++14";
				CLANG_CXX_LIBRARY = "libc++";
				CLANG_ENABLE_MODULES = YES;
				CLANG_ENABLE_OBJC_ARC = YES;
				CLANG_ENABLE_OBJC_WEAK = YES;
				CLANG_WARN_BLOCK_CAPTURE_AUTORELEASING = YES;
				CLANG_WARN_BOOL_CONVERSION = YES;
				CLANG_WARN_COMMA = YES;
				CLANG_WARN_CONSTANT_CONVERSION = YES;
				CLANG_WARN_DEPRECATED_OBJC_IMPLEMENTATIONS = YES;
				CLANG_WARN_DIRECT_OBJC_ISA_USAGE = YES_ERROR;
				CLANG_WARN_DOCUMENTATION_COMMENTS = YES;
				CLANG_WARN_EMPTY_BODY = YES;
				CLANG_WARN_ENUM_CONVERSION = YES;
				CLANG_WARN_INFINITE_RECURSION = YES;
				CLANG_WARN_INT_CONVERSION = YES;
				CLANG_WARN_NON_LITERAL_NULL_CONVERSION = YES;
				CLANG_WARN_OBJC_IMPLICIT_RETAIN_SELF = YES;
				CLANG_WARN_OBJC_LITERAL_CONVERSION = YES;
				CLANG_WARN_OBJC_ROOT_CLASS = YES_ERROR;
				CLANG_WARN_RANGE_LOOP_ANALYSIS = YES;
				CLANG_WARN_STRICT_PROTOTYPES = YES;
				CLANG_WARN_SUSPICIOUS_MOVE = YES;
				CLANG_WARN_UNGUARDED_AVAILABILITY = YES_AGGRESSIVE;
				CLANG_WARN_UNREACHABLE_CODE = YES;
				CLANG_WARN__DUPLICATE_METHOD_MATCH = YES;
				COPY_PHASE_STRIP = NO;
				DEBUG_INFORMATION_FORMAT = "dwarf-with-dsym";
				ENABLE_NS_ASSERTIONS = NO;
				ENABLE_STRICT_OBJC_MSGSEND = YES;
				GCC_C_LANGUAGE_STANDARD = gnu11;
				GCC_NO_COMMON_BLOCKS = YES;
				GCC_WARN_64_TO_32_BIT_CONVERSION = YES;
				GCC_WARN_ABOUT_RETURN_TYPE = YES_ERROR;
				GCC_WARN_UNDECLARED_SELECTOR = YES;
				GCC_WARN_UNINITIALIZED_AUTOS = YES_AGGRESSIVE;
				GCC_WARN_UNUSED_FUNCTION = YES;
				GCC_WARN_UNUSED_VARIABLE = YES;
				IPHONEOS_DEPLOYMENT_TARGET = 13.2;
				MTL_ENABLE_DEBUG_INFO = NO;
				MTL_FAST_MATH = YES;
				SDKROOT = iphoneos;
				SWIFT_COMPILATION_MODE = wholemodule;
				SWIFT_OPTIMIZATION_LEVEL = "-O";
				VALIDATE_PRODUCT = YES;
			};
			name = Release;
		};
		60FAA86323E73C6C00AEEA16 /* Debug */ = {
			isa = XCBuildConfiguration;
			buildSettings = {
				ASSETCATALOG_COMPILER_APPICON_NAME = AppIcon;
				CODE_SIGN_STYLE = Automatic;
				DEVELOPMENT_TEAM = MED853AU4Q;
				INFOPLIST_FILE = AutoLayoutDemo/Info.plist;
				LD_RUNPATH_SEARCH_PATHS = (
					"$(inherited)",
					"@executable_path/Frameworks",
				);
				PRODUCT_BUNDLE_IDENTIFIER = com.susanstevens.AutoLayoutDemo;
				PRODUCT_NAME = "$(TARGET_NAME)";
				SWIFT_VERSION = 5.0;
				TARGETED_DEVICE_FAMILY = "1,2";
			};
			name = Debug;
		};
		60FAA86423E73C6C00AEEA16 /* Release */ = {
			isa = XCBuildConfiguration;
			buildSettings = {
				ASSETCATALOG_COMPILER_APPICON_NAME = AppIcon;
				CODE_SIGN_STYLE = Automatic;
				DEVELOPMENT_TEAM = MED853AU4Q;
				INFOPLIST_FILE = AutoLayoutDemo/Info.plist;
				LD_RUNPATH_SEARCH_PATHS = (
					"$(inherited)",
					"@executable_path/Frameworks",
				);
				PRODUCT_BUNDLE_IDENTIFIER = com.susanstevens.AutoLayoutDemo;
				PRODUCT_NAME = "$(TARGET_NAME)";
				SWIFT_VERSION = 5.0;
				TARGETED_DEVICE_FAMILY = "1,2";
			};
			name = Release;
		};
/* End XCBuildConfiguration section */

/* Begin XCConfigurationList section */
		60FAA84923E73C6800AEEA16 /* Build configuration list for PBXProject "AutoLayoutDemo" */ = {
			isa = XCConfigurationList;
			buildConfigurations = (
				60FAA86023E73C6C00AEEA16 /* Debug */,
				60FAA86123E73C6C00AEEA16 /* Release */,
			);
			defaultConfigurationIsVisible = 0;
			defaultConfigurationName = Release;
		};
		60FAA86223E73C6C00AEEA16 /* Build configuration list for PBXNativeTarget "AutoLayoutDemo" */ = {
			isa = XCConfigurationList;
			buildConfigurations = (
				60FAA86323E73C6C00AEEA16 /* Debug */,
				60FAA86423E73C6C00AEEA16 /* Release */,
			);
			defaultConfigurationIsVisible = 0;
			defaultConfigurationName = Release;
		};
/* End XCConfigurationList section */
	};
	rootObject = 60FAA84623E73C6800AEEA16 /* Project object */;
}
