// !$*UTF8*$!
{
	archiveVersion = 1;
	classes = {
	};
	objectVersion = 50;
	objects = {

/* Begin PBXBuildFile section */
		6049D69923FE119D0011F341 /* EmojiRow.swift in Sources */ = {isa = PBXBuildFile; fileRef = 6049D69823FE119D0011F341 /* EmojiRow.swift */; };
		6049D69B23FE20C50011F341 /* Preferences.swift in Sources */ = {isa = PBXBuildFile; fileRef = 6049D69A23FE20C50011F341 /* Preferences.swift */; };
		60C8DD1E23FCC89E006A3F2E /* FavoriteStar.swift in Sources */ = {isa = PBXBuildFile; fileRef = 60C8DD1D23FCC89E006A3F2E /* FavoriteStar.swift */; };
		60E78D0923FB203200821FEA /* AppDelegate.swift in Sources */ = {isa = PBXBuildFile; fileRef = 60E78D0823FB203200821FEA /* AppDelegate.swift */; };
		60E78D0B23FB203200821FEA /* SceneDelegate.swift in Sources */ = {isa = PBXBuildFile; fileRef = 60E78D0A23FB203200821FEA /* SceneDelegate.swift */; };
		60E78D0D23FB203200821FEA /* ContentView.swift in Sources */ = {isa = PBXBuildFile; fileRef = 60E78D0C23FB203200821FEA /* ContentView.swift */; };
		60E78D0F23FB203300821FEA /* Assets.xcassets in Resources */ = {isa = PBXBuildFile; fileRef = 60E78D0E23FB203300821FEA /* Assets.xcassets */; };
		60E78D1223FB203300821FEA /* Preview Assets.xcassets in Resources */ = {isa = PBXBuildFile; fileRef = 60E78D1123FB203300821FEA /* Preview Assets.xcassets */; };
		60E78D1523FB203300821FEA /* LaunchScreen.storyboard in Resources */ = {isa = PBXBuildFile; fileRef = 60E78D1323FB203300821FEA /* LaunchScreen.storyboard */; };
		60E78D1D23FB673A00821FEA /* emojiData.json in Resources */ = {isa = PBXBuildFile; fileRef = 60E78D1C23FB673A00821FEA /* emojiData.json */; };
		60E78D1F23FB6E3300821FEA /* Emoji.swift in Sources */ = {isa = PBXBuildFile; fileRef = 60E78D1E23FB6E3300821FEA /* Emoji.swift */; };
		60E78D2523FB8EAA00821FEA /* EmojiDetailView.swift in Sources */ = {isa = PBXBuildFile; fileRef = 60E78D2423FB8EAA00821FEA /* EmojiDetailView.swift */; };
/* End PBXBuildFile section */

/* Begin PBXFileReference section */
		6049D69823FE119D0011F341 /* EmojiRow.swift */ = {isa = PBXFileReference; lastKnownFileType = sourcecode.swift; path = EmojiRow.swift; sourceTree = "<group>"; };
		6049D69A23FE20C50011F341 /* Preferences.swift */ = {isa = PBXFileReference; lastKnownFileType = sourcecode.swift; path = Preferences.swift; sourceTree = "<group>"; };
		6049D69C23FE257F0011F341 /* SwiftUIDemo.entitlements */ = {isa = PBXFileReference; lastKnownFileType = text.plist.entitlements; path = SwiftUIDemo.entitlements; sourceTree = "<group>"; };
		60C8DD1D23FCC89E006A3F2E /* FavoriteStar.swift */ = {isa = PBXFileReference; lastKnownFileType = sourcecode.swift; path = FavoriteStar.swift; sourceTree = "<group>"; };
		60E78D0523FB203200821FEA /* SwiftUIDemo.app */ = {isa = PBXFileReference; explicitFileType = wrapper.application; includeInIndex = 0; path = SwiftUIDemo.app; sourceTree = BUILT_PRODUCTS_DIR; };
		60E78D0823FB203200821FEA /* AppDelegate.swift */ = {isa = PBXFileReference; lastKnownFileType = sourcecode.swift; path = AppDelegate.swift; sourceTree = "<group>"; };
		60E78D0A23FB203200821FEA /* SceneDelegate.swift */ = {isa = PBXFileReference; lastKnownFileType = sourcecode.swift; path = SceneDelegate.swift; sourceTree = "<group>"; };
		60E78D0C23FB203200821FEA /* ContentView.swift */ = {isa = PBXFileReference; lastKnownFileType = sourcecode.swift; path = ContentView.swift; sourceTree = "<group>"; };
		60E78D0E23FB203300821FEA /* Assets.xcassets */ = {isa = PBXFileReference; lastKnownFileType = folder.assetcatalog; path = Assets.xcassets; sourceTree = "<group>"; };
		60E78D1123FB203300821FEA /* Preview Assets.xcassets */ = {isa = PBXFileReference; lastKnownFileType = folder.assetcatalog; path = "Preview Assets.xcassets"; sourceTree = "<group>"; };
		60E78D1423FB203300821FEA /* Base */ = {isa = PBXFileReference; lastKnownFileType = file.storyboard; name = Base; path = Base.lproj/LaunchScreen.storyboard; sourceTree = "<group>"; };
		60E78D1623FB203300821FEA /* Info.plist */ = {isa = PBXFileReference; lastKnownFileType = text.plist.xml; path = Info.plist; sourceTree = "<group>"; };
		60E78D1C23FB673A00821FEA /* emojiData.json */ = {isa = PBXFileReference; lastKnownFileType = text.json; path = emojiData.json; sourceTree = "<group>"; };
		60E78D1E23FB6E3300821FEA /* Emoji.swift */ = {isa = PBXFileReference; lastKnownFileType = sourcecode.swift; path = Emoji.swift; sourceTree = "<group>"; };
		60E78D2423FB8EAA00821FEA /* EmojiDetailView.swift */ = {isa = PBXFileReference; lastKnownFileType = sourcecode.swift; path = EmojiDetailView.swift; sourceTree = "<group>"; };
/* End PBXFileReference section */

/* Begin PBXFrameworksBuildPhase section */
		60E78D0223FB203200821FEA /* Frameworks */ = {
			isa = PBXFrameworksBuildPhase;
			buildActionMask = 2147483647;
			files = (
			);
			runOnlyForDeploymentPostprocessing = 0;
		};
/* End PBXFrameworksBuildPhase section */

/* Begin PBXGroup section */
		60E78CFC23FB203200821FEA = {
			isa = PBXGroup;
			children = (
				60E78D0723FB203200821FEA /* SwiftUIDemo */,
				60E78D0623FB203200821FEA /* Products */,
			);
			sourceTree = "<group>";
		};
		60E78D0623FB203200821FEA /* Products */ = {
			isa = PBXGroup;
			children = (
				60E78D0523FB203200821FEA /* SwiftUIDemo.app */,
			);
			name = Products;
			sourceTree = "<group>";
		};
		60E78D0723FB203200821FEA /* SwiftUIDemo */ = {
			isa = PBXGroup;
			children = (
				6049D69C23FE257F0011F341 /* SwiftUIDemo.entitlements */,
				60E78D0823FB203200821FEA /* AppDelegate.swift */,
				60E78D0A23FB203200821FEA /* SceneDelegate.swift */,
				60E78D0C23FB203200821FEA /* ContentView.swift */,
				6049D69A23FE20C50011F341 /* Preferences.swift */,
				6049D69823FE119D0011F341 /* EmojiRow.swift */,
				60E78D2423FB8EAA00821FEA /* EmojiDetailView.swift */,
				60C8DD1D23FCC89E006A3F2E /* FavoriteStar.swift */,
				60E78D1E23FB6E3300821FEA /* Emoji.swift */,
				60E78D0E23FB203300821FEA /* Assets.xcassets */,
				60E78D1323FB203300821FEA /* LaunchScreen.storyboard */,
				60E78D1623FB203300821FEA /* Info.plist */,
				60E78D1C23FB673A00821FEA /* emojiData.json */,
				60E78D1023FB203300821FEA /* Preview Content */,
			);
			path = SwiftUIDemo;
			sourceTree = "<group>";
		};
		60E78D1023FB203300821FEA /* Preview Content */ = {
			isa = PBXGroup;
			children = (
				60E78D1123FB203300821FEA /* Preview Assets.xcassets */,
			);
			path = "Preview Content";
			sourceTree = "<group>";
		};
/* End PBXGroup section */

/* Begin PBXNativeTarget section */
		60E78D0423FB203200821FEA /* SwiftUIDemo */ = {
			isa = PBXNativeTarget;
			buildConfigurationList = 60E78D1923FB203300821FEA /* Build configuration list for PBXNativeTarget "SwiftUIDemo" */;
			buildPhases = (
				60E78D0123FB203200821FEA /* Sources */,
				60E78D0223FB203200821FEA /* Frameworks */,
				60E78D0323FB203200821FEA /* Resources */,
			);
			buildRules = (
			);
			dependencies = (
			);
			name = SwiftUIDemo;
			productName = SwiftUIDemo;
			productReference = 60E78D0523FB203200821FEA /* SwiftUIDemo.app */;
			productType = "com.apple.product-type.application";
		};
/* End PBXNativeTarget section */

/* Begin PBXProject section */
		60E78CFD23FB203200821FEA /* Project object */ = {
			isa = PBXProject;
			attributes = {
				LastSwiftUpdateCheck = 1130;
				LastUpgradeCheck = 1130;
				ORGANIZATIONNAME = "Susan Stevens";
				TargetAttributes = {
					60E78D0423FB203200821FEA = {
						CreatedOnToolsVersion = 11.3.1;
					};
				};
			};
			buildConfigurationList = 60E78D0023FB203200821FEA /* Build configuration list for PBXProject "SwiftUIDemo" */;
			compatibilityVersion = "Xcode 9.3";
			developmentRegion = en;
			hasScannedForEncodings = 0;
			knownRegions = (
				en,
				Base,
			);
			mainGroup = 60E78CFC23FB203200821FEA;
			productRefGroup = 60E78D0623FB203200821FEA /* Products */;
			projectDirPath = "";
			projectRoot = "";
			targets = (
				60E78D0423FB203200821FEA /* SwiftUIDemo */,
			);
		};
/* End PBXProject section */

/* Begin PBXResourcesBuildPhase section */
		60E78D0323FB203200821FEA /* Resources */ = {
			isa = PBXResourcesBuildPhase;
			buildActionMask = 2147483647;
			files = (
				60E78D1523FB203300821FEA /* LaunchScreen.storyboard in Resources */,
				60E78D1223FB203300821FEA /* Preview Assets.xcassets in Resources */,
				60E78D1D23FB673A00821FEA /* emojiData.json in Resources */,
				60E78D0F23FB203300821FEA /* Assets.xcassets in Resources */,
			);
			runOnlyForDeploymentPostprocessing = 0;
		};
/* End PBXResourcesBuildPhase section */

/* Begin PBXSourcesBuildPhase section */
		60E78D0123FB203200821FEA /* Sources */ = {
			isa = PBXSourcesBuildPhase;
			buildActionMask = 2147483647;
			files = (
				60E78D0923FB203200821FEA /* AppDelegate.swift in Sources */,
				60E78D0B23FB203200821FEA /* SceneDelegate.swift in Sources */,
				60E78D1F23FB6E3300821FEA /* Emoji.swift in Sources */,
				6049D69923FE119D0011F341 /* EmojiRow.swift in Sources */,
				60C8DD1E23FCC89E006A3F2E /* FavoriteStar.swift in Sources */,
				60E78D2523FB8EAA00821FEA /* EmojiDetailView.swift in Sources */,
				6049D69B23FE20C50011F341 /* Preferences.swift in Sources */,
				60E78D0D23FB203200821FEA /* ContentView.swift in Sources */,
			);
			runOnlyForDeploymentPostprocessing = 0;
		};
/* End PBXSourcesBuildPhase section */

/* Begin PBXVariantGroup section */
		60E78D1323FB203300821FEA /* LaunchScreen.storyboard */ = {
			isa = PBXVariantGroup;
			children = (
				60E78D1423FB203300821FEA /* Base */,
			);
			name = LaunchScreen.storyboard;
			sourceTree = "<group>";
		};
/* End PBXVariantGroup section */

/* Begin XCBuildConfiguration section */
		60E78D1723FB203300821FEA /* Debug */ = {
			isa = XCBuildConfiguration;
			buildSettings = {
				ALWAYS_SEARCH_USER_PATHS = NO;
				CLANG_ANALYZER_NONNULL = YES;
				CLANG_ANALYZER_NUMBER_OBJECT_CONVERSION = YES_AGGRESSIVE;
				CLANG_CXX_LANGUAGE_STANDARD = "gnu++14";
				CLANG_CXX_LIBRARY = "libc++";
				CLANG_ENABLE_MODULES = YES;
				CLANG_ENABLE_OBJC_ARC = YES;
				CLANG_ENABLE_OBJC_WEAK = YES;
				CLANG_WARN_BLOCK_CAPTURE_AUTORELEASING = YES;
				CLANG_WARN_BOOL_CONVERSION = YES;
				CLANG_WARN_COMMA = YES;
				CLANG_WARN_CONSTANT_CONVERSION = YES;
				CLANG_WARN_DEPRECATED_OBJC_IMPLEMENTATIONS = YES;
				CLANG_WARN_DIRECT_OBJC_ISA_USAGE = YES_ERROR;
				CLANG_WARN_DOCUMENTATION_COMMENTS = YES;
				CLANG_WARN_EMPTY_BODY = YES;
				CLANG_WARN_ENUM_CONVERSION = YES;
				CLANG_WARN_INFINITE_RECURSION = YES;
				CLANG_WARN_INT_CONVERSION = YES;
				CLANG_WARN_NON_LITERAL_NULL_CONVERSION = YES;
				CLANG_WARN_OBJC_IMPLICIT_RETAIN_SELF = YES;
				CLANG_WARN_OBJC_LITERAL_CONVERSION = YES;
				CLANG_WARN_OBJC_ROOT_CLASS = YES_ERROR;
				CLANG_WARN_RANGE_LOOP_ANALYSIS = YES;
				CLANG_WARN_STRICT_PROTOTYPES = YES;
				CLANG_WARN_SUSPICIOUS_MOVE = YES;
				CLANG_WARN_UNGUARDED_AVAILABILITY = YES_AGGRESSIVE;
				CLANG_WARN_UNREACHABLE_CODE = YES;
				CLANG_WARN__DUPLICATE_METHOD_MATCH = YES;
				COPY_PHASE_STRIP = NO;
				DEBUG_INFORMATION_FORMAT = dwarf;
				ENABLE_STRICT_OBJC_MSGSEND = YES;
				ENABLE_TESTABILITY = YES;
				GCC_C_LANGUAGE_STANDARD = gnu11;
				GCC_DYNAMIC_NO_PIC = NO;
				GCC_NO_COMMON_BLOCKS = YES;
				GCC_OPTIMIZATION_LEVEL = 0;
				GCC_PREPROCESSOR_DEFINITIONS = (
					"DEBUG=1",
					"$(inherited)",
				);
				GCC_WARN_64_TO_32_BIT_CONVERSION = YES;
				GCC_WARN_ABOUT_RETURN_TYPE = YES_ERROR;
				GCC_WARN_UNDECLARED_SELECTOR = YES;
				GCC_WARN_UNINITIALIZED_AUTOS = YES_AGGRESSIVE;
				GCC_WARN_UNUSED_FUNCTION = YES;
				GCC_WARN_UNUSED_VARIABLE = YES;
				IPHONEOS_DEPLOYMENT_TARGET = 13.2;
				MTL_ENABLE_DEBUG_INFO = INCLUDE_SOURCE;
				MTL_FAST_MATH = YES;
				ONLY_ACTIVE_ARCH = YES;
				SDKROOT = iphoneos;
				SWIFT_ACTIVE_COMPILATION_CONDITIONS = DEBUG;
				SWIFT_OPTIMIZATION_LEVEL = "-Onone";
			};
			name = Debug;
		};
		60E78D1823FB203300821FEA /* Release */ = {
			isa = XCBuildConfiguration;
			buildSettings = {
				ALWAYS_SEARCH_USER_PATHS = NO;
				CLANG_ANALYZER_NONNULL = YES;
				CLANG_ANALYZER_NUMBER_OBJECT_CONVERSION = YES_AGGRESSIVE;
				CLANG_CXX_LANGUAGE_STANDARD = "gnu++14";
				CLANG_CXX_LIBRARY = "libc++";
				CLANG_ENABLE_MODULES = YES;
				CLANG_ENABLE_OBJC_ARC = YES;
				CLANG_ENABLE_OBJC_WEAK = YES;
				CLANG_WARN_BLOCK_CAPTURE_AUTORELEASING = YES;
				CLANG_WARN_BOOL_CONVERSION = YES;
				CLANG_WARN_COMMA = YES;
				CLANG_WARN_CONSTANT_CONVERSION = YES;
				CLANG_WARN_DEPRECATED_OBJC_IMPLEMENTATIONS = YES;
				CLANG_WARN_DIRECT_OBJC_ISA_USAGE = YES_ERROR;
				CLANG_WARN_DOCUMENTATION_COMMENTS = YES;
				CLANG_WARN_EMPTY_BODY = YES;
				CLANG_WARN_ENUM_CONVERSION = YES;
				CLANG_WARN_INFINITE_RECURSION = YES;
				CLANG_WARN_INT_CONVERSION = YES;
				CLANG_WARN_NON_LITERAL_NULL_CONVERSION = YES;
				CLANG_WARN_OBJC_IMPLICIT_RETAIN_SELF = YES;
				CLANG_WARN_OBJC_LITERAL_CONVERSION = YES;
				CLANG_WARN_OBJC_ROOT_CLASS = YES_ERROR;
				CLANG_WARN_RANGE_LOOP_ANALYSIS = YES;
				CLANG_WARN_STRICT_PROTOTYPES = YES;
				CLANG_WARN_SUSPICIOUS_MOVE = YES;
				CLANG_WARN_UNGUARDED_AVAILABILITY = YES_AGGRESSIVE;
				CLANG_WARN_UNREACHABLE_CODE = YES;
				CLANG_WARN__DUPLICATE_METHOD_MATCH = YES;
				COPY_PHASE_STRIP = NO;
				DEBUG_INFORMATION_FORMAT = "dwarf-with-dsym";
				ENABLE_NS_ASSERTIONS = NO;
				ENABLE_STRICT_OBJC_MSGSEND = YES;
				GCC_C_LANGUAGE_STANDARD = gnu11;
				GCC_NO_COMMON_BLOCKS = YES;
				GCC_WARN_64_TO_32_BIT_CONVERSION = YES;
				GCC_WARN_ABOUT_RETURN_TYPE = YES_ERROR;
				GCC_WARN_UNDECLARED_SELECTOR = YES;
				GCC_WARN_UNINITIALIZED_AUTOS = YES_AGGRESSIVE;
				GCC_WARN_UNUSED_FUNCTION = YES;
				GCC_WARN_UNUSED_VARIABLE = YES;
				IPHONEOS_DEPLOYMENT_TARGET = 13.2;
				MTL_ENABLE_DEBUG_INFO = NO;
				MTL_FAST_MATH = YES;
				SDKROOT = iphoneos;
				SWIFT_COMPILATION_MODE = wholemodule;
				SWIFT_OPTIMIZATION_LEVEL = "-O";
				VALIDATE_PRODUCT = YES;
			};
			name = Release;
		};
		60E78D1A23FB203300821FEA /* Debug */ = {
			isa = XCBuildConfiguration;
			buildSettings = {
				ASSETCATALOG_COMPILER_APPICON_NAME = AppIcon;
				CODE_SIGN_ENTITLEMENTS = SwiftUIDemo/SwiftUIDemo.entitlements;
				CODE_SIGN_STYLE = Automatic;
				DERIVE_MACCATALYST_PRODUCT_BUNDLE_IDENTIFIER = YES;
				DEVELOPMENT_ASSET_PATHS = "\"SwiftUIDemo/Preview Content\"";
				DEVELOPMENT_TEAM = MED853AU4Q;
				ENABLE_PREVIEWS = YES;
				INFOPLIST_FILE = SwiftUIDemo/Info.plist;
				LD_RUNPATH_SEARCH_PATHS = (
					"$(inherited)",
					"@executable_path/Frameworks",
				);
				PRODUCT_BUNDLE_IDENTIFIER = com.susanstevens.SwiftUIDemo;
				PRODUCT_NAME = "$(TARGET_NAME)";
				SUPPORTS_MACCATALYST = YES;
				SWIFT_VERSION = 5.0;
				TARGETED_DEVICE_FAMILY = "1,2";
			};
			name = Debug;
		};
		60E78D1B23FB203300821FEA /* Release */ = {
			isa = XCBuildConfiguration;
			buildSettings = {
				ASSETCATALOG_COMPILER_APPICON_NAME = AppIcon;
				CODE_SIGN_ENTITLEMENTS = SwiftUIDemo/SwiftUIDemo.entitlements;
				CODE_SIGN_STYLE = Automatic;
				DERIVE_MACCATALYST_PRODUCT_BUNDLE_IDENTIFIER = YES;
				DEVELOPMENT_ASSET_PATHS = "\"SwiftUIDemo/Preview Content\"";
				DEVELOPMENT_TEAM = MED853AU4Q;
				ENABLE_PREVIEWS = YES;
				INFOPLIST_FILE = SwiftUIDemo/Info.plist;
				LD_RUNPATH_SEARCH_PATHS = (
					"$(inherited)",
					"@executable_path/Frameworks",
				);
				PRODUCT_BUNDLE_IDENTIFIER = com.susanstevens.SwiftUIDemo;
				PRODUCT_NAME = "$(TARGET_NAME)";
				SUPPORTS_MACCATALYST = YES;
				SWIFT_VERSION = 5.0;
				TARGETED_DEVICE_FAMILY = "1,2";
			};
			name = Release;
		};
/* End XCBuildConfiguration section */

/* Begin XCConfigurationList section */
		60E78D0023FB203200821FEA /* Build configuration list for PBXProject "SwiftUIDemo" */ = {
			isa = XCConfigurationList;
			buildConfigurations = (
				60E78D1723FB203300821FEA /* Debug */,
				60E78D1823FB203300821FEA /* Release */,
			);
			defaultConfigurationIsVisible = 0;
			defaultConfigurationName = Release;
		};
		60E78D1923FB203300821FEA /* Build configuration list for PBXNativeTarget "SwiftUIDemo" */ = {
			isa = XCConfigurationList;
			buildConfigurations = (
				60E78D1A23FB203300821FEA /* Debug */,
				60E78D1B23FB203300821FEA /* Release */,
			);
			defaultConfigurationIsVisible = 0;
			defaultConfigurationName = Release;
		};
/* End XCConfigurationList section */
	};
	rootObject = 60E78CFD23FB203200821FEA /* Project object */;
}
